// !$*UTF8*$!
{
	archiveVersion = 1;
	classes = {
	};
	objectVersion = 50;
	objects = {

/* Begin PBXBuildFile section */
		79120989251D1A5600636FA4 /* UserProfileViewController.swift in Sources */ = {isa = PBXBuildFile; fileRef = 79120988251D1A5600636FA4 /* UserProfileViewController.swift */; };
		7912098C251D1ACC00636FA4 /* UserProfileView.swift in Sources */ = {isa = PBXBuildFile; fileRef = 7912098B251D1ACC00636FA4 /* UserProfileView.swift */; };
		79E8AFB6251D149C009A9A5D /* UserSession.swift in Sources */ = {isa = PBXBuildFile; fileRef = 79E8AFB5251D149B009A9A5D /* UserSession.swift */; };
		79E8AFBA251D1501009A9A5D /* API.swift in Sources */ = {isa = PBXBuildFile; fileRef = 79E8AFB9251D1501009A9A5D /* API.swift */; };
		79E8AFBC251D1585009A9A5D /* Model.swift in Sources */ = {isa = PBXBuildFile; fileRef = 79E8AFBB251D1585009A9A5D /* Model.swift */; };
		79F9B571251B91ED0029C53C /* AppDelegate.swift in Sources */ = {isa = PBXBuildFile; fileRef = 79F9B570251B91ED0029C53C /* AppDelegate.swift */; };
		79F9B573251B91ED0029C53C /* SceneDelegate.swift in Sources */ = {isa = PBXBuildFile; fileRef = 79F9B572251B91ED0029C53C /* SceneDelegate.swift */; };
		79F9B575251B91ED0029C53C /* LoginViewController.swift in Sources */ = {isa = PBXBuildFile; fileRef = 79F9B574251B91ED0029C53C /* LoginViewController.swift */; };
		79F9B57A251B91F20029C53C /* Assets.xcassets in Resources */ = {isa = PBXBuildFile; fileRef = 79F9B579251B91F20029C53C /* Assets.xcassets */; };
		79F9B57D251B91F20029C53C /* LaunchScreen.storyboard in Resources */ = {isa = PBXBuildFile; fileRef = 79F9B57B251B91F20029C53C /* LaunchScreen.storyboard */; };
		79F9B585251B94060029C53C /* LoginScrollView.swift in Sources */ = {isa = PBXBuildFile; fileRef = 79F9B584251B94060029C53C /* LoginScrollView.swift */; };
/* End PBXBuildFile section */

/* Begin PBXFileReference section */
		79120988251D1A5600636FA4 /* UserProfileViewController.swift */ = {isa = PBXFileReference; lastKnownFileType = sourcecode.swift; path = UserProfileViewController.swift; sourceTree = "<group>"; };
		7912098B251D1ACC00636FA4 /* UserProfileView.swift */ = {isa = PBXFileReference; lastKnownFileType = sourcecode.swift; path = UserProfileView.swift; sourceTree = "<group>"; };
		79E8AFB5251D149B009A9A5D /* UserSession.swift */ = {isa = PBXFileReference; lastKnownFileType = sourcecode.swift; path = UserSession.swift; sourceTree = "<group>"; };
		79E8AFB9251D1501009A9A5D /* API.swift */ = {isa = PBXFileReference; lastKnownFileType = sourcecode.swift; path = API.swift; sourceTree = "<group>"; };
		79E8AFBB251D1585009A9A5D /* Model.swift */ = {isa = PBXFileReference; lastKnownFileType = sourcecode.swift; path = Model.swift; sourceTree = "<group>"; };
		79F9B56D251B91ED0029C53C /* VK2.app */ = {isa = PBXFileReference; explicitFileType = wrapper.application; includeInIndex = 0; path = VK2.app; sourceTree = BUILT_PRODUCTS_DIR; };
		79F9B570251B91ED0029C53C /* AppDelegate.swift */ = {isa = PBXFileReference; lastKnownFileType = sourcecode.swift; path = AppDelegate.swift; sourceTree = "<group>"; };
		79F9B572251B91ED0029C53C /* SceneDelegate.swift */ = {isa = PBXFileReference; lastKnownFileType = sourcecode.swift; path = SceneDelegate.swift; sourceTree = "<group>"; };
		79F9B574251B91ED0029C53C /* LoginViewController.swift */ = {isa = PBXFileReference; lastKnownFileType = sourcecode.swift; path = LoginViewController.swift; sourceTree = "<group>"; };
		79F9B579251B91F20029C53C /* Assets.xcassets */ = {isa = PBXFileReference; lastKnownFileType = folder.assetcatalog; path = Assets.xcassets; sourceTree = "<group>"; };
		79F9B57C251B91F20029C53C /* Base */ = {isa = PBXFileReference; lastKnownFileType = file.storyboard; name = Base; path = Base.lproj/LaunchScreen.storyboard; sourceTree = "<group>"; };
		79F9B57E251B91F20029C53C /* Info.plist */ = {isa = PBXFileReference; lastKnownFileType = text.plist.xml; path = Info.plist; sourceTree = "<group>"; };
		79F9B584251B94060029C53C /* LoginScrollView.swift */ = {isa = PBXFileReference; lastKnownFileType = sourcecode.swift; path = LoginScrollView.swift; sourceTree = "<group>"; };
/* End PBXFileReference section */

/* Begin PBXFrameworksBuildPhase section */
		79F9B56A251B91ED0029C53C /* Frameworks */ = {
			isa = PBXFrameworksBuildPhase;
			buildActionMask = 2147483647;
			files = (
			);
			runOnlyForDeploymentPostprocessing = 0;
		};
/* End PBXFrameworksBuildPhase section */

/* Begin PBXGroup section */
		7912098A251D1AC100636FA4 /* UserProfile */ = {
			isa = PBXGroup;
			children = (
				79120988251D1A5600636FA4 /* UserProfileViewController.swift */,
				7912098B251D1ACC00636FA4 /* UserProfileView.swift */,
			);
			path = UserProfile;
			sourceTree = "<group>";
		};
		79E8AFB7251D14E0009A9A5D /* UserSession */ = {
			isa = PBXGroup;
			children = (
				79E8AFB5251D149B009A9A5D /* UserSession.swift */,
			);
			path = UserSession;
			sourceTree = "<group>";
		};
		79E8AFB8251D14F1009A9A5D /* API */ = {
			isa = PBXGroup;
			children = (
				79E8AFB9251D1501009A9A5D /* API.swift */,
			);
			path = API;
			sourceTree = "<group>";
		};
		79E8AFBD251D158B009A9A5D /* User */ = {
			isa = PBXGroup;
			children = (
				79E8AFBB251D1585009A9A5D /* Model.swift */,
			);
			path = User;
			sourceTree = "<group>";
		};
		79F9B564251B91ED0029C53C = {
			isa = PBXGroup;
			children = (
				79F9B56F251B91ED0029C53C /* VK2 */,
				79F9B56E251B91ED0029C53C /* Products */,
			);
			sourceTree = "<group>";
		};
		79F9B56E251B91ED0029C53C /* Products */ = {
			isa = PBXGroup;
			children = (
				79F9B56D251B91ED0029C53C /* VK2.app */,
			);
			name = Products;
			sourceTree = "<group>";
		};
		79F9B56F251B91ED0029C53C /* VK2 */ = {
			isa = PBXGroup;
			children = (
				79E8AFB8251D14F1009A9A5D /* API */,
				79E8AFB7251D14E0009A9A5D /* UserSession */,
				79F9B587251B94240029C53C /* Login */,
				79E8AFBD251D158B009A9A5D /* User */,
				7912098A251D1AC100636FA4 /* UserProfile */,
				79F9B579251B91F20029C53C /* Assets.xcassets */,
				79F9B570251B91ED0029C53C /* AppDelegate.swift */,
				79F9B572251B91ED0029C53C /* SceneDelegate.swift */,
				79F9B57B251B91F20029C53C /* LaunchScreen.storyboard */,
				79F9B57E251B91F20029C53C /* Info.plist */,
			);
			path = VK2;
			sourceTree = "<group>";
		};
		79F9B587251B94240029C53C /* Login */ = {
			isa = PBXGroup;
			children = (
				79F9B574251B91ED0029C53C /* LoginViewController.swift */,
				79F9B584251B94060029C53C /* LoginScrollView.swift */,
			);
			path = Login;
			sourceTree = "<group>";
		};
/* End PBXGroup section */

/* Begin PBXNativeTarget section */
		79F9B56C251B91ED0029C53C /* VK2 */ = {
			isa = PBXNativeTarget;
			buildConfigurationList = 79F9B581251B91F20029C53C /* Build configuration list for PBXNativeTarget "VK2" */;
			buildPhases = (
				79F9B569251B91ED0029C53C /* Sources */,
				79F9B56A251B91ED0029C53C /* Frameworks */,
				79F9B56B251B91ED0029C53C /* Resources */,
			);
			buildRules = (
			);
			dependencies = (
			);
			name = VK2;
			productName = VK2;
			productReference = 79F9B56D251B91ED0029C53C /* VK2.app */;
			productType = "com.apple.product-type.application";
		};
/* End PBXNativeTarget section */

/* Begin PBXProject section */
		79F9B565251B91ED0029C53C /* Project object */ = {
			isa = PBXProject;
			attributes = {
				LastSwiftUpdateCheck = 1150;
				LastUpgradeCheck = 1150;
				ORGANIZATIONNAME = Marat;
				TargetAttributes = {
					79F9B56C251B91ED0029C53C = {
						CreatedOnToolsVersion = 11.5;
					};
				};
			};
			buildConfigurationList = 79F9B568251B91ED0029C53C /* Build configuration list for PBXProject "VK2" */;
			compatibilityVersion = "Xcode 9.3";
			developmentRegion = en;
			hasScannedForEncodings = 0;
			knownRegions = (
				en,
				Base,
			);
			mainGroup = 79F9B564251B91ED0029C53C;
			productRefGroup = 79F9B56E251B91ED0029C53C /* Products */;
			projectDirPath = "";
			projectRoot = "";
			targets = (
				79F9B56C251B91ED0029C53C /* VK2 */,
			);
		};
/* End PBXProject section */

/* Begin PBXResourcesBuildPhase section */
		79F9B56B251B91ED0029C53C /* Resources */ = {
			isa = PBXResourcesBuildPhase;
			buildActionMask = 2147483647;
			files = (
				79F9B57D251B91F20029C53C /* LaunchScreen.storyboard in Resources */,
				79F9B57A251B91F20029C53C /* Assets.xcassets in Resources */,
			);
			runOnlyForDeploymentPostprocessing = 0;
		};
/* End PBXResourcesBuildPhase section */

/* Begin PBXSourcesBuildPhase section */
		79F9B569251B91ED0029C53C /* Sources */ = {
			isa = PBXSourcesBuildPhase;
			buildActionMask = 2147483647;
			files = (
				79E8AFBC251D1585009A9A5D /* Model.swift in Sources */,
				79F9B575251B91ED0029C53C /* LoginViewController.swift in Sources */,
				79E8AFB6251D149C009A9A5D /* UserSession.swift in Sources */,
				79F9B571251B91ED0029C53C /* AppDelegate.swift in Sources */,
				79120989251D1A5600636FA4 /* UserProfileViewController.swift in Sources */,
				79F9B585251B94060029C53C /* LoginScrollView.swift in Sources */,
				79E8AFBA251D1501009A9A5D /* API.swift in Sources */,
				7912098C251D1ACC00636FA4 /* UserProfileView.swift in Sources */,
				79F9B573251B91ED0029C53C /* SceneDelegate.swift in Sources */,
			);
			runOnlyForDeploymentPostprocessing = 0;
		};
/* End PBXSourcesBuildPhase section */

/* Begin PBXVariantGroup section */
		79F9B57B251B91F20029C53C /* LaunchScreen.storyboard */ = {
			isa = PBXVariantGroup;
			children = (
				79F9B57C251B91F20029C53C /* Base */,
			);
			name = LaunchScreen.storyboard;
			sourceTree = "<group>";
		};
/* End PBXVariantGroup section */

/* Begin XCBuildConfiguration section */
		79F9B57F251B91F20029C53C /* Debug */ = {
			isa = XCBuildConfiguration;
			buildSettings = {
				ALWAYS_SEARCH_USER_PATHS = NO;
				CLANG_ANALYZER_NONNULL = YES;
				CLANG_ANALYZER_NUMBER_OBJECT_CONVERSION = YES_AGGRESSIVE;
				CLANG_CXX_LANGUAGE_STANDARD = "gnu++14";
				CLANG_CXX_LIBRARY = "libc++";
				CLANG_ENABLE_MODULES = YES;
				CLANG_ENABLE_OBJC_ARC = YES;
				CLANG_ENABLE_OBJC_WEAK = YES;
				CLANG_WARN_BLOCK_CAPTURE_AUTORELEASING = YES;
				CLANG_WARN_BOOL_CONVERSION = YES;
				CLANG_WARN_COMMA = YES;
				CLANG_WARN_CONSTANT_CONVERSION = YES;
				CLANG_WARN_DEPRECATED_OBJC_IMPLEMENTATIONS = YES;
				CLANG_WARN_DIRECT_OBJC_ISA_USAGE = YES_ERROR;
				CLANG_WARN_DOCUMENTATION_COMMENTS = YES;
				CLANG_WARN_EMPTY_BODY = YES;
				CLANG_WARN_ENUM_CONVERSION = YES;
				CLANG_WARN_INFINITE_RECURSION = YES;
				CLANG_WARN_INT_CONVERSION = YES;
				CLANG_WARN_NON_LITERAL_NULL_CONVERSION = YES;
				CLANG_WARN_OBJC_IMPLICIT_RETAIN_SELF = YES;
				CLANG_WARN_OBJC_LITERAL_CONVERSION = YES;
				CLANG_WARN_OBJC_ROOT_CLASS = YES_ERROR;
				CLANG_WARN_RANGE_LOOP_ANALYSIS = YES;
				CLANG_WARN_STRICT_PROTOTYPES = YES;
				CLANG_WARN_SUSPICIOUS_MOVE = YES;
				CLANG_WARN_UNGUARDED_AVAILABILITY = YES_AGGRESSIVE;
				CLANG_WARN_UNREACHABLE_CODE = YES;
				CLANG_WARN__DUPLICATE_METHOD_MATCH = YES;
				COPY_PHASE_STRIP = NO;
				DEBUG_INFORMATION_FORMAT = dwarf;
				ENABLE_STRICT_OBJC_MSGSEND = YES;
				ENABLE_TESTABILITY = YES;
				GCC_C_LANGUAGE_STANDARD = gnu11;
				GCC_DYNAMIC_NO_PIC = NO;
				GCC_NO_COMMON_BLOCKS = YES;
				GCC_OPTIMIZATION_LEVEL = 0;
				GCC_PREPROCESSOR_DEFINITIONS = (
					"DEBUG=1",
					"$(inherited)",
				);
				GCC_WARN_64_TO_32_BIT_CONVERSION = YES;
				GCC_WARN_ABOUT_RETURN_TYPE = YES_ERROR;
				GCC_WARN_UNDECLARED_SELECTOR = YES;
				GCC_WARN_UNINITIALIZED_AUTOS = YES_AGGRESSIVE;
				GCC_WARN_UNUSED_FUNCTION = YES;
				GCC_WARN_UNUSED_VARIABLE = YES;
				IPHONEOS_DEPLOYMENT_TARGET = 13.5;
				MTL_ENABLE_DEBUG_INFO = INCLUDE_SOURCE;
				MTL_FAST_MATH = YES;
				ONLY_ACTIVE_ARCH = YES;
				SDKROOT = iphoneos;
				SWIFT_ACTIVE_COMPILATION_CONDITIONS = DEBUG;
				SWIFT_OPTIMIZATION_LEVEL = "-Onone";
			};
			name = Debug;
		};
		79F9B580251B91F20029C53C /* Release */ = {
			isa = XCBuildConfiguration;
			buildSettings = {
				ALWAYS_SEARCH_USER_PATHS = NO;
				CLANG_ANALYZER_NONNULL = YES;
				CLANG_ANALYZER_NUMBER_OBJECT_CONVERSION = YES_AGGRESSIVE;
				CLANG_CXX_LANGUAGE_STANDARD = "gnu++14";
				CLANG_CXX_LIBRARY = "libc++";
				CLANG_ENABLE_MODULES = YES;
				CLANG_ENABLE_OBJC_ARC = YES;
				CLANG_ENABLE_OBJC_WEAK = YES;
				CLANG_WARN_BLOCK_CAPTURE_AUTORELEASING = YES;
				CLANG_WARN_BOOL_CONVERSION = YES;
				CLANG_WARN_COMMA = YES;
				CLANG_WARN_CONSTANT_CONVERSION = YES;
				CLANG_WARN_DEPRECATED_OBJC_IMPLEMENTATIONS = YES;
				CLANG_WARN_DIRECT_OBJC_ISA_USAGE = YES_ERROR;
				CLANG_WARN_DOCUMENTATION_COMMENTS = YES;
				CLANG_WARN_EMPTY_BODY = YES;
				CLANG_WARN_ENUM_CONVERSION = YES;
				CLANG_WARN_INFINITE_RECURSION = YES;
				CLANG_WARN_INT_CONVERSION = YES;
				CLANG_WARN_NON_LITERAL_NULL_CONVERSION = YES;
				CLANG_WARN_OBJC_IMPLICIT_RETAIN_SELF = YES;
				CLANG_WARN_OBJC_LITERAL_CONVERSION = YES;
				CLANG_WARN_OBJC_ROOT_CLASS = YES_ERROR;
				CLANG_WARN_RANGE_LOOP_ANALYSIS = YES;
				CLANG_WARN_STRICT_PROTOTYPES = YES;
				CLANG_WARN_SUSPICIOUS_MOVE = YES;
				CLANG_WARN_UNGUARDED_AVAILABILITY = YES_AGGRESSIVE;
				CLANG_WARN_UNREACHABLE_CODE = YES;
				CLANG_WARN__DUPLICATE_METHOD_MATCH = YES;
				COPY_PHASE_STRIP = NO;
				DEBUG_INFORMATION_FORMAT = "dwarf-with-dsym";
				ENABLE_NS_ASSERTIONS = NO;
				ENABLE_STRICT_OBJC_MSGSEND = YES;
				GCC_C_LANGUAGE_STANDARD = gnu11;
				GCC_NO_COMMON_BLOCKS = YES;
				GCC_WARN_64_TO_32_BIT_CONVERSION = YES;
				GCC_WARN_ABOUT_RETURN_TYPE = YES_ERROR;
				GCC_WARN_UNDECLARED_SELECTOR = YES;
				GCC_WARN_UNINITIALIZED_AUTOS = YES_AGGRESSIVE;
				GCC_WARN_UNUSED_FUNCTION = YES;
				GCC_WARN_UNUSED_VARIABLE = YES;
				IPHONEOS_DEPLOYMENT_TARGET = 13.5;
				MTL_ENABLE_DEBUG_INFO = NO;
				MTL_FAST_MATH = YES;
				SDKROOT = iphoneos;
				SWIFT_COMPILATION_MODE = wholemodule;
				SWIFT_OPTIMIZATION_LEVEL = "-O";
				VALIDATE_PRODUCT = YES;
			};
			name = Release;
		};
		79F9B582251B91F20029C53C /* Debug */ = {
			isa = XCBuildConfiguration;
			buildSettings = {
				ASSETCATALOG_COMPILER_APPICON_NAME = AppIcon;
				CODE_SIGN_STYLE = Automatic;
				DEVELOPMENT_TEAM = TGDR2BLC5P;
				INFOPLIST_FILE = VK2/Info.plist;
				LD_RUNPATH_SEARCH_PATHS = (
					"$(inherited)",
					"@executable_path/Frameworks",
				);
				PRODUCT_BUNDLE_IDENTIFIER = COM.MYOGR.VK2;
				PRODUCT_NAME = "$(TARGET_NAME)";
				SWIFT_VERSION = 5.0;
				TARGETED_DEVICE_FAMILY = "1,2";
			};
			name = Debug;
		};
		79F9B583251B91F20029C53C /* Release */ = {
			isa = XCBuildConfiguration;
			buildSettings = {
				ASSETCATALOG_COMPILER_APPICON_NAME = AppIcon;
				CODE_SIGN_STYLE = Automatic;
				DEVELOPMENT_TEAM = TGDR2BLC5P;
				INFOPLIST_FILE = VK2/Info.plist;
				LD_RUNPATH_SEARCH_PATHS = (
					"$(inherited)",
					"@executable_path/Frameworks",
				);
				PRODUCT_BUNDLE_IDENTIFIER = COM.MYOGR.VK2;
				PRODUCT_NAME = "$(TARGET_NAME)";
				SWIFT_VERSION = 5.0;
				TARGETED_DEVICE_FAMILY = "1,2";
			};
			name = Release;
		};
/* End XCBuildConfiguration section */

/* Begin XCConfigurationList section */
		79F9B568251B91ED0029C53C /* Build configuration list for PBXProject "VK2" */ = {
			isa = XCConfigurationList;
			buildConfigurations = (
				79F9B57F251B91F20029C53C /* Debug */,
				79F9B580251B91F20029C53C /* Release */,
			);
			defaultConfigurationIsVisible = 0;
			defaultConfigurationName = Release;
		};
		79F9B581251B91F20029C53C /* Build configuration list for PBXNativeTarget "VK2" */ = {
			isa = XCConfigurationList;
			buildConfigurations = (
				79F9B582251B91F20029C53C /* Debug */,
				79F9B583251B91F20029C53C /* Release */,
			);
			defaultConfigurationIsVisible = 0;
			defaultConfigurationName = Release;
		};
/* End XCConfigurationList section */
	};
	rootObject = 79F9B565251B91ED0029C53C /* Project object */;
}
