// !$*UTF8*$!
{
	archiveVersion = 1;
	classes = {
	};
	objectVersion = 51;
	objects = {

/* Begin PBXBuildFile section */
		4BB0FDA3932053A2D3298555 /* Pods_VK2.framework in Frameworks */ = {isa = PBXBuildFile; fileRef = AB9FE70E798A2533F566AFD7 /* Pods_VK2.framework */; };
		5E9F33562521BEC40042BBE4 /* VKService.swift in Sources */ = {isa = PBXBuildFile; fileRef = 5E9F33552521BEC40042BBE4 /* VKService.swift */; };
		5EFF32B8252249C40035E1E8 /* UserProfileViewController.swift in Sources */ = {isa = PBXBuildFile; fileRef = 5EFF32B7252249C40035E1E8 /* UserProfileViewController.swift */; };
		5EFF32BB252249E00035E1E8 /* UserProfileView.swift in Sources */ = {isa = PBXBuildFile; fileRef = 5EFF32BA252249E00035E1E8 /* UserProfileView.swift */; };
		5EFF32C12524FBDB0035E1E8 /* MainTapBarController.swift in Sources */ = {isa = PBXBuildFile; fileRef = 5EFF32C02524FBDB0035E1E8 /* MainTapBarController.swift */; };
		5EFF32C72524FFF50035E1E8 /* GroupsViewController.swift in Sources */ = {isa = PBXBuildFile; fileRef = 5EFF32C62524FFF50035E1E8 /* GroupsViewController.swift */; };
		5EFF32CA2525000F0035E1E8 /* GroupsView.swift in Sources */ = {isa = PBXBuildFile; fileRef = 5EFF32C92525000F0035E1E8 /* GroupsView.swift */; };
		5EFF32CD252500860035E1E8 /* PhotosViewController.swift in Sources */ = {isa = PBXBuildFile; fileRef = 5EFF32CC252500860035E1E8 /* PhotosViewController.swift */; };
		5EFF32E4252510320035E1E8 /* PhotosExtensions.swift in Sources */ = {isa = PBXBuildFile; fileRef = 5EFF32E3252510320035E1E8 /* PhotosExtensions.swift */; };
		5EFF32E7252510730035E1E8 /* PhotoCollectionViewCell.swift in Sources */ = {isa = PBXBuildFile; fileRef = 5EFF32E6252510730035E1E8 /* PhotoCollectionViewCell.swift */; };
		79120990251E11F600636FA4 /* FriendsViewController.swift in Sources */ = {isa = PBXBuildFile; fileRef = 7912098F251E11F600636FA4 /* FriendsViewController.swift */; };
		79120992251E122200636FA4 /* FriendsView.swift in Sources */ = {isa = PBXBuildFile; fileRef = 79120991251E122200636FA4 /* FriendsView.swift */; };
		7970FB2B2520669000359E93 /* LoginVKViewController.swift in Sources */ = {isa = PBXBuildFile; fileRef = 7970FB2A2520669000359E93 /* LoginVKViewController.swift */; };
		7970FB2D252066A700359E93 /* LoginVKView.swift in Sources */ = {isa = PBXBuildFile; fileRef = 7970FB2C252066A700359E93 /* LoginVKView.swift */; };
		7970FB302520684C00359E93 /* LoginVKExtensions.swift in Sources */ = {isa = PBXBuildFile; fileRef = 7970FB2F2520684C00359E93 /* LoginVKExtensions.swift */; };
		79E8AFB6251D149C009A9A5D /* SessionManager.swift in Sources */ = {isa = PBXBuildFile; fileRef = 79E8AFB5251D149B009A9A5D /* SessionManager.swift */; };
		79E8AFBC251D1585009A9A5D /* User.swift in Sources */ = {isa = PBXBuildFile; fileRef = 79E8AFBB251D1585009A9A5D /* User.swift */; };
		79F9B571251B91ED0029C53C /* AppDelegate.swift in Sources */ = {isa = PBXBuildFile; fileRef = 79F9B570251B91ED0029C53C /* AppDelegate.swift */; };
		79F9B573251B91ED0029C53C /* SceneDelegate.swift in Sources */ = {isa = PBXBuildFile; fileRef = 79F9B572251B91ED0029C53C /* SceneDelegate.swift */; };
		79F9B57A251B91F20029C53C /* Assets.xcassets in Resources */ = {isa = PBXBuildFile; fileRef = 79F9B579251B91F20029C53C /* Assets.xcassets */; };
		79F9B57D251B91F20029C53C /* LaunchScreen.storyboard in Resources */ = {isa = PBXBuildFile; fileRef = 79F9B57B251B91F20029C53C /* LaunchScreen.storyboard */; };
/* End PBXBuildFile section */

/* Begin PBXFileReference section */
		5E9F33552521BEC40042BBE4 /* VKService.swift */ = {isa = PBXFileReference; lastKnownFileType = sourcecode.swift; path = VKService.swift; sourceTree = "<group>"; };
		5EFF32B7252249C40035E1E8 /* UserProfileViewController.swift */ = {isa = PBXFileReference; lastKnownFileType = sourcecode.swift; path = UserProfileViewController.swift; sourceTree = "<group>"; };
		5EFF32BA252249E00035E1E8 /* UserProfileView.swift */ = {isa = PBXFileReference; lastKnownFileType = sourcecode.swift; path = UserProfileView.swift; sourceTree = "<group>"; };
		5EFF32C02524FBDB0035E1E8 /* MainTapBarController.swift */ = {isa = PBXFileReference; lastKnownFileType = sourcecode.swift; path = MainTapBarController.swift; sourceTree = "<group>"; };
		5EFF32C62524FFF50035E1E8 /* GroupsViewController.swift */ = {isa = PBXFileReference; lastKnownFileType = sourcecode.swift; path = GroupsViewController.swift; sourceTree = "<group>"; };
		5EFF32C92525000F0035E1E8 /* GroupsView.swift */ = {isa = PBXFileReference; lastKnownFileType = sourcecode.swift; path = GroupsView.swift; sourceTree = "<group>"; };
		5EFF32CC252500860035E1E8 /* PhotosViewController.swift */ = {isa = PBXFileReference; lastKnownFileType = sourcecode.swift; path = PhotosViewController.swift; sourceTree = "<group>"; };
		5EFF32E3252510320035E1E8 /* PhotosExtensions.swift */ = {isa = PBXFileReference; lastKnownFileType = sourcecode.swift; path = PhotosExtensions.swift; sourceTree = "<group>"; };
		5EFF32E6252510730035E1E8 /* PhotoCollectionViewCell.swift */ = {isa = PBXFileReference; lastKnownFileType = sourcecode.swift; path = PhotoCollectionViewCell.swift; sourceTree = "<group>"; };
		7912098F251E11F600636FA4 /* FriendsViewController.swift */ = {isa = PBXFileReference; lastKnownFileType = sourcecode.swift; path = FriendsViewController.swift; sourceTree = "<group>"; };
		79120991251E122200636FA4 /* FriendsView.swift */ = {isa = PBXFileReference; lastKnownFileType = sourcecode.swift; path = FriendsView.swift; sourceTree = "<group>"; };
		7970FB2A2520669000359E93 /* LoginVKViewController.swift */ = {isa = PBXFileReference; lastKnownFileType = sourcecode.swift; path = LoginVKViewController.swift; sourceTree = "<group>"; };
		7970FB2C252066A700359E93 /* LoginVKView.swift */ = {isa = PBXFileReference; lastKnownFileType = sourcecode.swift; path = LoginVKView.swift; sourceTree = "<group>"; };
		7970FB2F2520684C00359E93 /* LoginVKExtensions.swift */ = {isa = PBXFileReference; lastKnownFileType = sourcecode.swift; path = LoginVKExtensions.swift; sourceTree = "<group>"; };
		79E8AFB5251D149B009A9A5D /* SessionManager.swift */ = {isa = PBXFileReference; lastKnownFileType = sourcecode.swift; path = SessionManager.swift; sourceTree = "<group>"; };
		79E8AFBB251D1585009A9A5D /* User.swift */ = {isa = PBXFileReference; lastKnownFileType = sourcecode.swift; path = User.swift; sourceTree = "<group>"; };
		79F9B56D251B91ED0029C53C /* VK2.app */ = {isa = PBXFileReference; explicitFileType = wrapper.application; includeInIndex = 0; path = VK2.app; sourceTree = BUILT_PRODUCTS_DIR; };
		79F9B570251B91ED0029C53C /* AppDelegate.swift */ = {isa = PBXFileReference; lastKnownFileType = sourcecode.swift; path = AppDelegate.swift; sourceTree = "<group>"; };
		79F9B572251B91ED0029C53C /* SceneDelegate.swift */ = {isa = PBXFileReference; lastKnownFileType = sourcecode.swift; path = SceneDelegate.swift; sourceTree = "<group>"; };
		79F9B579251B91F20029C53C /* Assets.xcassets */ = {isa = PBXFileReference; lastKnownFileType = folder.assetcatalog; path = Assets.xcassets; sourceTree = "<group>"; };
		79F9B57C251B91F20029C53C /* Base */ = {isa = PBXFileReference; lastKnownFileType = file.storyboard; name = Base; path = Base.lproj/LaunchScreen.storyboard; sourceTree = "<group>"; };
		79F9B57E251B91F20029C53C /* Info.plist */ = {isa = PBXFileReference; lastKnownFileType = text.plist.xml; path = Info.plist; sourceTree = "<group>"; };
		A9E8C3420AA1115291FC4A29 /* Pods-VK2.debug.xcconfig */ = {isa = PBXFileReference; includeInIndex = 1; lastKnownFileType = text.xcconfig; name = "Pods-VK2.debug.xcconfig"; path = "Target Support Files/Pods-VK2/Pods-VK2.debug.xcconfig"; sourceTree = "<group>"; };
		AB9FE70E798A2533F566AFD7 /* Pods_VK2.framework */ = {isa = PBXFileReference; explicitFileType = wrapper.framework; includeInIndex = 0; path = Pods_VK2.framework; sourceTree = BUILT_PRODUCTS_DIR; };
		F8ABDFC5873A43BD97A075B6 /* Pods-VK2.release.xcconfig */ = {isa = PBXFileReference; includeInIndex = 1; lastKnownFileType = text.xcconfig; name = "Pods-VK2.release.xcconfig"; path = "Target Support Files/Pods-VK2/Pods-VK2.release.xcconfig"; sourceTree = "<group>"; };
/* End PBXFileReference section */

/* Begin PBXFrameworksBuildPhase section */
		79F9B56A251B91ED0029C53C /* Frameworks */ = {
			isa = PBXFrameworksBuildPhase;
			buildActionMask = 2147483647;
			files = (
				4BB0FDA3932053A2D3298555 /* Pods_VK2.framework in Frameworks */,
			);
			runOnlyForDeploymentPostprocessing = 0;
		};
/* End PBXFrameworksBuildPhase section */

/* Begin PBXGroup section */
		5E9F335F2521D9A60042BBE4 /* Screens */ = {
			isa = PBXGroup;
			children = (
				5EFF32C02524FBDB0035E1E8 /* MainTapBarController.swift */,
				79F9B587251B94240029C53C /* Login */,
				5EFF32C52524FFD00035E1E8 /* Groups */,
				5EFF32C42524FFC20035E1E8 /* Photos */,
				79120993251E128F00636FA4 /* Friends */,
				7912098A251D1AC100636FA4 /* UserProfile */,
			);
			path = Screens;
			sourceTree = "<group>";
		};
		5EFF32C42524FFC20035E1E8 /* Photos */ = {
			isa = PBXGroup;
			children = (
				5EFF32CC252500860035E1E8 /* PhotosViewController.swift */,
				5EFF32E6252510730035E1E8 /* PhotoCollectionViewCell.swift */,
				5EFF32E3252510320035E1E8 /* PhotosExtensions.swift */,
			);
			path = Photos;
			sourceTree = "<group>";
		};
		5EFF32C52524FFD00035E1E8 /* Groups */ = {
			isa = PBXGroup;
			children = (
				5EFF32C62524FFF50035E1E8 /* GroupsViewController.swift */,
				5EFF32C92525000F0035E1E8 /* GroupsView.swift */,
			);
			path = Groups;
			sourceTree = "<group>";
		};
		7912098A251D1AC100636FA4 /* UserProfile */ = {
			isa = PBXGroup;
			children = (
				5EFF32B7252249C40035E1E8 /* UserProfileViewController.swift */,
				5EFF32BA252249E00035E1E8 /* UserProfileView.swift */,
			);
			path = UserProfile;
			sourceTree = "<group>";
		};
		79120993251E128F00636FA4 /* Friends */ = {
			isa = PBXGroup;
			children = (
				7912098F251E11F600636FA4 /* FriendsViewController.swift */,
				79120991251E122200636FA4 /* FriendsView.swift */,
			);
			path = Friends;
			sourceTree = "<group>";
		};
		7970FB2E252066D400359E93 /* VK */ = {
			isa = PBXGroup;
			children = (
				7970FB2A2520669000359E93 /* LoginVKViewController.swift */,
				7970FB2C252066A700359E93 /* LoginVKView.swift */,
				7970FB2F2520684C00359E93 /* LoginVKExtensions.swift */,
			);
			path = VK;
			sourceTree = "<group>";
		};
		798DB3C6251F2414008D9EC1 /* Services */ = {
			isa = PBXGroup;
			children = (
				5E9F33552521BEC40042BBE4 /* VKService.swift */,
			);
			path = Services;
			sourceTree = "<group>";
		};
		79E8AFBD251D158B009A9A5D /* Models */ = {
			isa = PBXGroup;
			children = (
				79E8AFBB251D1585009A9A5D /* User.swift */,
			);
			path = Models;
			sourceTree = "<group>";
		};
		79F9B564251B91ED0029C53C = {
			isa = PBXGroup;
			children = (
				79F9B56F251B91ED0029C53C /* VK2 */,
				79F9B56E251B91ED0029C53C /* Products */,
				E6DC868EE20D87E4BBD3BD44 /* Pods */,
				972F11FEE63ECBC90DEA11BC /* Frameworks */,
			);
			sourceTree = "<group>";
		};
		79F9B56E251B91ED0029C53C /* Products */ = {
			isa = PBXGroup;
			children = (
				79F9B56D251B91ED0029C53C /* VK2.app */,
			);
			name = Products;
			sourceTree = "<group>";
		};
		79F9B56F251B91ED0029C53C /* VK2 */ = {
			isa = PBXGroup;
			children = (
				5E9F335F2521D9A60042BBE4 /* Screens */,
				798DB3C6251F2414008D9EC1 /* Services */,
				79E8AFBD251D158B009A9A5D /* Models */,
				79F9B579251B91F20029C53C /* Assets.xcassets */,
				79E8AFB5251D149B009A9A5D /* SessionManager.swift */,
				79F9B570251B91ED0029C53C /* AppDelegate.swift */,
				79F9B572251B91ED0029C53C /* SceneDelegate.swift */,
				79F9B57B251B91F20029C53C /* LaunchScreen.storyboard */,
				79F9B57E251B91F20029C53C /* Info.plist */,
			);
			path = VK2;
			sourceTree = "<group>";
		};
		79F9B587251B94240029C53C /* Login */ = {
			isa = PBXGroup;
			children = (
				7970FB2E252066D400359E93 /* VK */,
			);
			path = Login;
			sourceTree = "<group>";
		};
		972F11FEE63ECBC90DEA11BC /* Frameworks */ = {
			isa = PBXGroup;
			children = (
				AB9FE70E798A2533F566AFD7 /* Pods_VK2.framework */,
			);
			name = Frameworks;
			sourceTree = "<group>";
		};
		E6DC868EE20D87E4BBD3BD44 /* Pods */ = {
			isa = PBXGroup;
			children = (
				A9E8C3420AA1115291FC4A29 /* Pods-VK2.debug.xcconfig */,
				F8ABDFC5873A43BD97A075B6 /* Pods-VK2.release.xcconfig */,
			);
			path = Pods;
			sourceTree = "<group>";
		};
/* End PBXGroup section */

/* Begin PBXNativeTarget section */
		79F9B56C251B91ED0029C53C /* VK2 */ = {
			isa = PBXNativeTarget;
			buildConfigurationList = 79F9B581251B91F20029C53C /* Build configuration list for PBXNativeTarget "VK2" */;
			buildPhases = (
				9A9E7A43D626F7C1D91CED10 /* [CP] Check Pods Manifest.lock */,
				79F9B569251B91ED0029C53C /* Sources */,
				79F9B56A251B91ED0029C53C /* Frameworks */,
				79F9B56B251B91ED0029C53C /* Resources */,
				02729262C903C863DE2CE885 /* [CP] Embed Pods Frameworks */,
			);
			buildRules = (
			);
			dependencies = (
			);
			name = VK2;
			productName = VK2;
			productReference = 79F9B56D251B91ED0029C53C /* VK2.app */;
			productType = "com.apple.product-type.application";
		};
/* End PBXNativeTarget section */

/* Begin PBXProject section */
		79F9B565251B91ED0029C53C /* Project object */ = {
			isa = PBXProject;
			attributes = {
				LastSwiftUpdateCheck = 1150;
				LastUpgradeCheck = 1150;
				ORGANIZATIONNAME = Marat;
				TargetAttributes = {
					79F9B56C251B91ED0029C53C = {
						CreatedOnToolsVersion = 11.5;
					};
				};
			};
			buildConfigurationList = 79F9B568251B91ED0029C53C /* Build configuration list for PBXProject "VK2" */;
			compatibilityVersion = "Xcode 9.3";
			developmentRegion = en;
			hasScannedForEncodings = 0;
			knownRegions = (
				en,
				Base,
			);
			mainGroup = 79F9B564251B91ED0029C53C;
			productRefGroup = 79F9B56E251B91ED0029C53C /* Products */;
			projectDirPath = "";
			projectRoot = "";
			targets = (
				79F9B56C251B91ED0029C53C /* VK2 */,
			);
		};
/* End PBXProject section */

/* Begin PBXResourcesBuildPhase section */
		79F9B56B251B91ED0029C53C /* Resources */ = {
			isa = PBXResourcesBuildPhase;
			buildActionMask = 2147483647;
			files = (
				79F9B57D251B91F20029C53C /* LaunchScreen.storyboard in Resources */,
				79F9B57A251B91F20029C53C /* Assets.xcassets in Resources */,
			);
			runOnlyForDeploymentPostprocessing = 0;
		};
/* End PBXResourcesBuildPhase section */

/* Begin PBXShellScriptBuildPhase section */
		02729262C903C863DE2CE885 /* [CP] Embed Pods Frameworks */ = {
			isa = PBXShellScriptBuildPhase;
			buildActionMask = 2147483647;
			files = (
			);
			inputFileListPaths = (
				"${PODS_ROOT}/Target Support Files/Pods-VK2/Pods-VK2-frameworks-${CONFIGURATION}-input-files.xcfilelist",
			);
			name = "[CP] Embed Pods Frameworks";
			outputFileListPaths = (
				"${PODS_ROOT}/Target Support Files/Pods-VK2/Pods-VK2-frameworks-${CONFIGURATION}-output-files.xcfilelist",
			);
			runOnlyForDeploymentPostprocessing = 0;
			shellPath = /bin/sh;
			shellScript = "\"${PODS_ROOT}/Target Support Files/Pods-VK2/Pods-VK2-frameworks.sh\"\n";
			showEnvVarsInLog = 0;
		};
		9A9E7A43D626F7C1D91CED10 /* [CP] Check Pods Manifest.lock */ = {
			isa = PBXShellScriptBuildPhase;
			buildActionMask = 2147483647;
			files = (
			);
			inputFileListPaths = (
			);
			inputPaths = (
				"${PODS_PODFILE_DIR_PATH}/Podfile.lock",
				"${PODS_ROOT}/Manifest.lock",
			);
			name = "[CP] Check Pods Manifest.lock";
			outputFileListPaths = (
			);
			outputPaths = (
				"$(DERIVED_FILE_DIR)/Pods-VK2-checkManifestLockResult.txt",
			);
			runOnlyForDeploymentPostprocessing = 0;
			shellPath = /bin/sh;
			shellScript = "diff \"${PODS_PODFILE_DIR_PATH}/Podfile.lock\" \"${PODS_ROOT}/Manifest.lock\" > /dev/null\nif [ $? != 0 ] ; then\n    # print error to STDERR\n    echo \"error: The sandbox is not in sync with the Podfile.lock. Run 'pod install' or update your CocoaPods installation.\" >&2\n    exit 1\nfi\n# This output is used by Xcode 'outputs' to avoid re-running this script phase.\necho \"SUCCESS\" > \"${SCRIPT_OUTPUT_FILE_0}\"\n";
			showEnvVarsInLog = 0;
		};
/* End PBXShellScriptBuildPhase section */

/* Begin PBXSourcesBuildPhase section */
		79F9B569251B91ED0029C53C /* Sources */ = {
			isa = PBXSourcesBuildPhase;
			buildActionMask = 2147483647;
			files = (
				79E8AFBC251D1585009A9A5D /* User.swift in Sources */,
				5EFF32CD252500860035E1E8 /* PhotosViewController.swift in Sources */,
				5EFF32BB252249E00035E1E8 /* UserProfileView.swift in Sources */,
				5EFF32C72524FFF50035E1E8 /* GroupsViewController.swift in Sources */,
				79E8AFB6251D149C009A9A5D /* SessionManager.swift in Sources */,
				79F9B571251B91ED0029C53C /* AppDelegate.swift in Sources */,
				5EFF32B8252249C40035E1E8 /* UserProfileViewController.swift in Sources */,
				5EFF32E7252510730035E1E8 /* PhotoCollectionViewCell.swift in Sources */,
				5EFF32E4252510320035E1E8 /* PhotosExtensions.swift in Sources */,
				79120992251E122200636FA4 /* FriendsView.swift in Sources */,
				5EFF32C12524FBDB0035E1E8 /* MainTapBarController.swift in Sources */,
				79120990251E11F600636FA4 /* FriendsViewController.swift in Sources */,
				5EFF32CA2525000F0035E1E8 /* GroupsView.swift in Sources */,
				7970FB2B2520669000359E93 /* LoginVKViewController.swift in Sources */,
				7970FB2D252066A700359E93 /* LoginVKView.swift in Sources */,
				7970FB302520684C00359E93 /* LoginVKExtensions.swift in Sources */,
				5E9F33562521BEC40042BBE4 /* VKService.swift in Sources */,
				79F9B573251B91ED0029C53C /* SceneDelegate.swift in Sources */,
			);
			runOnlyForDeploymentPostprocessing = 0;
		};
/* End PBXSourcesBuildPhase section */

/* Begin PBXVariantGroup section */
		79F9B57B251B91F20029C53C /* LaunchScreen.storyboard */ = {
			isa = PBXVariantGroup;
			children = (
				79F9B57C251B91F20029C53C /* Base */,
			);
			name = LaunchScreen.storyboard;
			sourceTree = "<group>";
		};
/* End PBXVariantGroup section */

/* Begin XCBuildConfiguration section */
		79F9B57F251B91F20029C53C /* Debug */ = {
			isa = XCBuildConfiguration;
			buildSettings = {
				ALWAYS_SEARCH_USER_PATHS = NO;
				CLANG_ANALYZER_NONNULL = YES;
				CLANG_ANALYZER_NUMBER_OBJECT_CONVERSION = YES_AGGRESSIVE;
				CLANG_CXX_LANGUAGE_STANDARD = "gnu++14";
				CLANG_CXX_LIBRARY = "libc++";
				CLANG_ENABLE_MODULES = YES;
				CLANG_ENABLE_OBJC_ARC = YES;
				CLANG_ENABLE_OBJC_WEAK = YES;
				CLANG_WARN_BLOCK_CAPTURE_AUTORELEASING = YES;
				CLANG_WARN_BOOL_CONVERSION = YES;
				CLANG_WARN_COMMA = YES;
				CLANG_WARN_CONSTANT_CONVERSION = YES;
				CLANG_WARN_DEPRECATED_OBJC_IMPLEMENTATIONS = YES;
				CLANG_WARN_DIRECT_OBJC_ISA_USAGE = YES_ERROR;
				CLANG_WARN_DOCUMENTATION_COMMENTS = YES;
				CLANG_WARN_EMPTY_BODY = YES;
				CLANG_WARN_ENUM_CONVERSION = YES;
				CLANG_WARN_INFINITE_RECURSION = YES;
				CLANG_WARN_INT_CONVERSION = YES;
				CLANG_WARN_NON_LITERAL_NULL_CONVERSION = YES;
				CLANG_WARN_OBJC_IMPLICIT_RETAIN_SELF = YES;
				CLANG_WARN_OBJC_LITERAL_CONVERSION = YES;
				CLANG_WARN_OBJC_ROOT_CLASS = YES_ERROR;
				CLANG_WARN_RANGE_LOOP_ANALYSIS = YES;
				CLANG_WARN_STRICT_PROTOTYPES = YES;
				CLANG_WARN_SUSPICIOUS_MOVE = YES;
				CLANG_WARN_UNGUARDED_AVAILABILITY = YES_AGGRESSIVE;
				CLANG_WARN_UNREACHABLE_CODE = YES;
				CLANG_WARN__DUPLICATE_METHOD_MATCH = YES;
				COPY_PHASE_STRIP = NO;
				DEBUG_INFORMATION_FORMAT = dwarf;
				ENABLE_STRICT_OBJC_MSGSEND = YES;
				ENABLE_TESTABILITY = YES;
				GCC_C_LANGUAGE_STANDARD = gnu11;
				GCC_DYNAMIC_NO_PIC = NO;
				GCC_NO_COMMON_BLOCKS = YES;
				GCC_OPTIMIZATION_LEVEL = 0;
				GCC_PREPROCESSOR_DEFINITIONS = (
					"DEBUG=1",
					"$(inherited)",
				);
				GCC_WARN_64_TO_32_BIT_CONVERSION = YES;
				GCC_WARN_ABOUT_RETURN_TYPE = YES_ERROR;
				GCC_WARN_UNDECLARED_SELECTOR = YES;
				GCC_WARN_UNINITIALIZED_AUTOS = YES_AGGRESSIVE;
				GCC_WARN_UNUSED_FUNCTION = YES;
				GCC_WARN_UNUSED_VARIABLE = YES;
				IPHONEOS_DEPLOYMENT_TARGET = 13.5;
				MTL_ENABLE_DEBUG_INFO = INCLUDE_SOURCE;
				MTL_FAST_MATH = YES;
				ONLY_ACTIVE_ARCH = YES;
				SDKROOT = iphoneos;
				SWIFT_ACTIVE_COMPILATION_CONDITIONS = DEBUG;
				SWIFT_OPTIMIZATION_LEVEL = "-Onone";
			};
			name = Debug;
		};
		79F9B580251B91F20029C53C /* Release */ = {
			isa = XCBuildConfiguration;
			buildSettings = {
				ALWAYS_SEARCH_USER_PATHS = NO;
				CLANG_ANALYZER_NONNULL = YES;
				CLANG_ANALYZER_NUMBER_OBJECT_CONVERSION = YES_AGGRESSIVE;
				CLANG_CXX_LANGUAGE_STANDARD = "gnu++14";
				CLANG_CXX_LIBRARY = "libc++";
				CLANG_ENABLE_MODULES = YES;
				CLANG_ENABLE_OBJC_ARC = YES;
				CLANG_ENABLE_OBJC_WEAK = YES;
				CLANG_WARN_BLOCK_CAPTURE_AUTORELEASING = YES;
				CLANG_WARN_BOOL_CONVERSION = YES;
				CLANG_WARN_COMMA = YES;
				CLANG_WARN_CONSTANT_CONVERSION = YES;
				CLANG_WARN_DEPRECATED_OBJC_IMPLEMENTATIONS = YES;
				CLANG_WARN_DIRECT_OBJC_ISA_USAGE = YES_ERROR;
				CLANG_WARN_DOCUMENTATION_COMMENTS = YES;
				CLANG_WARN_EMPTY_BODY = YES;
				CLANG_WARN_ENUM_CONVERSION = YES;
				CLANG_WARN_INFINITE_RECURSION = YES;
				CLANG_WARN_INT_CONVERSION = YES;
				CLANG_WARN_NON_LITERAL_NULL_CONVERSION = YES;
				CLANG_WARN_OBJC_IMPLICIT_RETAIN_SELF = YES;
				CLANG_WARN_OBJC_LITERAL_CONVERSION = YES;
				CLANG_WARN_OBJC_ROOT_CLASS = YES_ERROR;
				CLANG_WARN_RANGE_LOOP_ANALYSIS = YES;
				CLANG_WARN_STRICT_PROTOTYPES = YES;
				CLANG_WARN_SUSPICIOUS_MOVE = YES;
				CLANG_WARN_UNGUARDED_AVAILABILITY = YES_AGGRESSIVE;
				CLANG_WARN_UNREACHABLE_CODE = YES;
				CLANG_WARN__DUPLICATE_METHOD_MATCH = YES;
				COPY_PHASE_STRIP = NO;
				DEBUG_INFORMATION_FORMAT = "dwarf-with-dsym";
				ENABLE_NS_ASSERTIONS = NO;
				ENABLE_STRICT_OBJC_MSGSEND = YES;
				GCC_C_LANGUAGE_STANDARD = gnu11;
				GCC_NO_COMMON_BLOCKS = YES;
				GCC_WARN_64_TO_32_BIT_CONVERSION = YES;
				GCC_WARN_ABOUT_RETURN_TYPE = YES_ERROR;
				GCC_WARN_UNDECLARED_SELECTOR = YES;
				GCC_WARN_UNINITIALIZED_AUTOS = YES_AGGRESSIVE;
				GCC_WARN_UNUSED_FUNCTION = YES;
				GCC_WARN_UNUSED_VARIABLE = YES;
				IPHONEOS_DEPLOYMENT_TARGET = 13.5;
				MTL_ENABLE_DEBUG_INFO = NO;
				MTL_FAST_MATH = YES;
				SDKROOT = iphoneos;
				SWIFT_COMPILATION_MODE = wholemodule;
				SWIFT_OPTIMIZATION_LEVEL = "-O";
				VALIDATE_PRODUCT = YES;
			};
			name = Release;
		};
		79F9B582251B91F20029C53C /* Debug */ = {
			isa = XCBuildConfiguration;
			baseConfigurationReference = A9E8C3420AA1115291FC4A29 /* Pods-VK2.debug.xcconfig */;
			buildSettings = {
				ASSETCATALOG_COMPILER_APPICON_NAME = AppIcon;
				CODE_SIGN_STYLE = Automatic;
				DEVELOPMENT_TEAM = TGDR2BLC5P;
				INFOPLIST_FILE = VK2/Info.plist;
				LD_RUNPATH_SEARCH_PATHS = (
					"$(inherited)",
					"@executable_path/Frameworks",
				);
				PRODUCT_BUNDLE_IDENTIFIER = COM.MYOGR.VK2;
				PRODUCT_NAME = "$(TARGET_NAME)";
				SWIFT_VERSION = 5.0;
				TARGETED_DEVICE_FAMILY = "1,2";
			};
			name = Debug;
		};
		79F9B583251B91F20029C53C /* Release */ = {
			isa = XCBuildConfiguration;
			baseConfigurationReference = F8ABDFC5873A43BD97A075B6 /* Pods-VK2.release.xcconfig */;
			buildSettings = {
				ASSETCATALOG_COMPILER_APPICON_NAME = AppIcon;
				CODE_SIGN_STYLE = Automatic;
				DEVELOPMENT_TEAM = TGDR2BLC5P;
				INFOPLIST_FILE = VK2/Info.plist;
				LD_RUNPATH_SEARCH_PATHS = (
					"$(inherited)",
					"@executable_path/Frameworks",
				);
				PRODUCT_BUNDLE_IDENTIFIER = COM.MYOGR.VK2;
				PRODUCT_NAME = "$(TARGET_NAME)";
				SWIFT_VERSION = 5.0;
				TARGETED_DEVICE_FAMILY = "1,2";
			};
			name = Release;
		};
/* End XCBuildConfiguration section */

/* Begin XCConfigurationList section */
		79F9B568251B91ED0029C53C /* Build configuration list for PBXProject "VK2" */ = {
			isa = XCConfigurationList;
			buildConfigurations = (
				79F9B57F251B91F20029C53C /* Debug */,
				79F9B580251B91F20029C53C /* Release */,
			);
			defaultConfigurationIsVisible = 0;
			defaultConfigurationName = Release;
		};
		79F9B581251B91F20029C53C /* Build configuration list for PBXNativeTarget "VK2" */ = {
			isa = XCConfigurationList;
			buildConfigurations = (
				79F9B582251B91F20029C53C /* Debug */,
				79F9B583251B91F20029C53C /* Release */,
			);
			defaultConfigurationIsVisible = 0;
			defaultConfigurationName = Release;
		};
/* End XCConfigurationList section */
	};
	rootObject = 79F9B565251B91ED0029C53C /* Project object */;
}
